hash: 30627e41855ec522c7a9d93b28608036bc81fb84d552fdad9acf764288dfea6a
updated: 2017-06-19T13:04:12.936433721-04:00
imports:
- name: github.com/apache/thrift
  version: 53dd39833a08ce33582e5ff31fa18bb4735d6731
  subpackages:
  - lib/go/thrift
- name: github.com/codahale/hdrhistogram
  version: 3a0bb77429bd3a61596f5e8a3172445844342120
- name: github.com/fsnotify/fsnotify
  version: 4da3e2cfbabc9f751898f250b49f2439785783a1
- name: github.com/go-kit/kit
  version: a5e3d03d36fa4f9f2915d10d6b17fa0e02b734cc
  subpackages:
  - metrics
  - metrics/expvar
  - metrics/generic
  - metrics/internal/lv
- name: github.com/hashicorp/hcl
  version: 392dba7d905ed5d04a5794ba89f558b27e2ba1ca
  subpackages:
  - hcl/ast
  - hcl/parser
  - hcl/scanner
  - hcl/strconv
  - hcl/token
  - json/parser
  - json/scanner
  - json/token
- name: github.com/inconshreveable/mousetrap
  version: 76626ae9c91c4f2a10f34cad8ce83ea42c93bb75
- name: github.com/magiconair/properties
  version: 51463bfca2576e06c62a8504b5c0f06d61312647
- name: github.com/mitchellh/mapstructure
  version: d0303fe809921458f417bcf828397a65db30a7e4
- name: github.com/opentracing-contrib/go-stdlib
  version: 48e4d763b2fbcd10e666e6a1742acdf8cc2286ef
  subpackages:
  - nethttp
- name: github.com/opentracing/opentracing-go
  version: eaaf4e1eeb7a5373b38e70901270c83577dc6fb9
  subpackages:
  - ext
  - log
- name: github.com/pelletier/go-buffruneio
  version: c37440a7cf42ac63b919c752ca73a85067e05992
- name: github.com/pelletier/go-toml
  version: fe7536c3dee2596cdd23ee9976a17c22bdaae286
- name: github.com/spf13/afero
  version: 9be650865eab0c12963d8753212f4f9c66cdcf12
  subpackages:
  - mem
- name: github.com/spf13/cast
  version: acbeb36b902d72a7a4c18e8f3241075e7ab763e4
- name: github.com/spf13/cobra
  version: b4dbd37a01839e0653eec12aa4bbb2a2ce7b2a37
- name: github.com/spf13/jwalterweatherman
  version: 0efa5202c04663c757d84f90f5219c1250baf94f
- name: github.com/spf13/pflag
  version: e57e3eeb33f795204c1ca35f56c44f83227c6e66
- name: github.com/spf13/viper
  version: c1de95864d73a5465492829d7cb2dd422b19ac96
- name: github.com/uber-go/atomic
  version: 0506d69f5564c56e25797bf7183c28921d4c6360
- name: github.com/uber-go/zap
  version: 300d56ffb8cc64ae052901970de2220411d201f7
- name: github.com/uber/jaeger-client-go
  version: eec6135370486536653f375c550df2cdcea261ab
  subpackages:
  - internal/spanlog
  - log
  - rpcmetrics
  - thrift-gen/agent
  - thrift-gen/jaeger
  - thrift-gen/sampling
  - thrift-gen/zipkincore
  - transport/zipkin
  - utils
- name: github.com/uber/jaeger-lib
  version: ffca3143c929e9b97325e6bebcc380e8c6e5fa0d
  subpackages:
  - metrics
  - metrics/go-kit
  - metrics/go-kit/expvar
- name: github.com/uber/tchannel-go
  version: 1a0e35378f6f721bc07f6c4466bc9701ed70b506
  subpackages:
  - relay
  - thrift
  - thrift/gen-go/meta
  - tnet
  - trand
  - typed
- name: github.com/VividCortex/gohistogram
  version: 51564d9861991fb0ad0f531c99ef602d0f9866e6
- name: go.uber.org/atomic
  version: 4e336646b2ef9fc6e47be8e21594178f98e5ebcf
- name: go.uber.org/zap
  version: 9cabc84638b70e564c3dab2766efcb1ded2aac9f
  subpackages:
  - buffer
  - internal/bufferpool
  - internal/color
  - internal/exit
  - internal/multierror
  - zapcore
- name: golang.org/x/net
  version: 973f3f3bbd50e92b13faa6c53ec16f49b45e851c
  subpackages:
  - context
- name: golang.org/x/sys
  version: fb4cac33e3196ff7f507ab9b2d2a44b0142f5b5a
  subpackages:
  - unix
- name: golang.org/x/text
  version: 9e2f80a6ba7ed4ba13e0cd4b1f094bf916875735
  subpackages:
  - transform
  - unicode/norm
- name: gopkg.in/yaml.v2
  version: cd8b52f8269e0feb286dfeef29f8fe4d5b397e0b
testImports: []
